
Microsoft Visual Studio Solution File, Format Version 12.00
# Visual Studio Version 16
VisualStudioVersion = 16.0.31911.196
MinimumVisualStudioVersion = 10.0.40219.1
Project("{FAE04EC0-301F-11D3-BF4B-00C04F79EFBC}") = "Lesson2Practice1", "Lesson2Practice1\Lesson2Practice1.csproj", "{03586DA3-72A8-45D4-B20F-AE5FEBB4474C}"
EndProject
Global
	GlobalSection(SolutionConfigurationPlatforms) = preSolution
		Debug|Any CPU = Debug|Any CPU
		Release|Any CPU = Release|Any CPU
	EndGlobalSection
	GlobalSection(ProjectConfigurationPlatforms) = postSolution
		{03586DA3-72A8-45D4-B20F-AE5FEBB4474C}.Debug|Any CPU.ActiveCfg = Debug|Any CPU
		{03586DA3-72A8-45D4-B20F-AE5FEBB4474C}.Debug|Any CPU.Build.0 = Debug|Any CPU
		{03586DA3-72A8-45D4-B20F-AE5FEBB4474C}.Release|Any CPU.ActiveCfg = Release|Any CPU
		{03586DA3-72A8-45D4-B20F-AE5FEBB4474C}.Release|Any CPU.Build.0 = Release|Any CPU
	EndGlobalSection
	GlobalSection(SolutionProperties) = preSolution
		HideSolutionNode = FALSE
	EndGlobalSection
	GlobalSection(ExtensibilityGlobals) = postSolution
		SolutionGuid = {56840B03-BDFA-4448-996D-900C3814D0D9}
	EndGlobalSection
EndGlobal
